// !$*UTF8*$!
{
	archiveVersion = 1;
	classes = {
	};
	objectVersion = 46;
	objects = {

/* Begin PBXBuildFile section */
		6CF342C81CC8705C00367B04 /* main.m in Sources */ = {isa = PBXBuildFile; fileRef = 6CF342C71CC8705C00367B04 /* main.m */; };
		6CF342CB1CC8705C00367B04 /* AppDelegate.m in Sources */ = {isa = PBXBuildFile; fileRef = 6CF342CA1CC8705C00367B04 /* AppDelegate.m */; };
		6CF342CE1CC8705C00367B04 /* ViewController.m in Sources */ = {isa = PBXBuildFile; fileRef = 6CF342CD1CC8705C00367B04 /* ViewController.m */; };
		6CF342D31CC8705C00367B04 /* Assets.xcassets in Resources */ = {isa = PBXBuildFile; fileRef = 6CF342D21CC8705C00367B04 /* Assets.xcassets */; };
		6CF342D61CC8705C00367B04 /* LaunchScreen.storyboard in Resources */ = {isa = PBXBuildFile; fileRef = 6CF342D41CC8705C00367B04 /* LaunchScreen.storyboard */; };
		6CF342E11CC8705C00367B04 /* WCYCornerRadiusTests.m in Sources */ = {isa = PBXBuildFile; fileRef = 6CF342E01CC8705C00367B04 /* WCYCornerRadiusTests.m */; };
		6CF3430B1CC8764D00367B04 /* WCYCornerRadius.m in Sources */ = {isa = PBXBuildFile; fileRef = 6CF3430A1CC8764D00367B04 /* WCYCornerRadius.m */; };
		6CF3430D1CC877A200367B04 /* Main.storyboard in Resources */ = {isa = PBXBuildFile; fileRef = 6CF3430C1CC877A200367B04 /* Main.storyboard */; };
		D804956C4A802AE1FB7412BD /* libPods.a in Frameworks */ = {isa = PBXBuildFile; fileRef = 2F4FBCB0A7768DE91F3E8606 /* libPods.a */; };
/* End PBXBuildFile section */

/* Begin PBXContainerItemProxy section */
		6CF342DD1CC8705C00367B04 /* PBXContainerItemProxy */ = {
			isa = PBXContainerItemProxy;
			containerPortal = 6CF342BB1CC8705C00367B04 /* Project object */;
			proxyType = 1;
			remoteGlobalIDString = 6CF342C21CC8705C00367B04;
			remoteInfo = WCYCornerRadius;
		};
/* End PBXContainerItemProxy section */

/* Begin PBXFileReference section */
		2610BD62071F03A79DC958B4 /* Pods.release.xcconfig */ = {isa = PBXFileReference; includeInIndex = 1; lastKnownFileType = text.xcconfig; name = Pods.release.xcconfig; path = "Pods/Target Support Files/Pods/Pods.release.xcconfig"; sourceTree = "<group>"; };
		26240336D92588383EC5DCBA /* Pods.debug.xcconfig */ = {isa = PBXFileReference; includeInIndex = 1; lastKnownFileType = text.xcconfig; name = Pods.debug.xcconfig; path = "Pods/Target Support Files/Pods/Pods.debug.xcconfig"; sourceTree = "<group>"; };
		2F4FBCB0A7768DE91F3E8606 /* libPods.a */ = {isa = PBXFileReference; explicitFileType = archive.ar; includeInIndex = 0; path = libPods.a; sourceTree = BUILT_PRODUCTS_DIR; };
		6CF342C31CC8705C00367B04 /* WCYCornerRadius.app */ = {isa = PBXFileReference; explicitFileType = wrapper.application; includeInIndex = 0; path = WCYCornerRadius.app; sourceTree = BUILT_PRODUCTS_DIR; };
		6CF342C71CC8705C00367B04 /* main.m */ = {isa = PBXFileReference; lastKnownFileType = sourcecode.c.objc; path = main.m; sourceTree = "<group>"; };
		6CF342C91CC8705C00367B04 /* AppDelegate.h */ = {isa = PBXFileReference; lastKnownFileType = sourcecode.c.h; path = AppDelegate.h; sourceTree = "<group>"; };
		6CF342CA1CC8705C00367B04 /* AppDelegate.m */ = {isa = PBXFileReference; lastKnownFileType = sourcecode.c.objc; path = AppDelegate.m; sourceTree = "<group>"; };
		6CF342CC1CC8705C00367B04 /* ViewController.h */ = {isa = PBXFileReference; lastKnownFileType = sourcecode.c.h; path = ViewController.h; sourceTree = "<group>"; };
		6CF342CD1CC8705C00367B04 /* ViewController.m */ = {isa = PBXFileReference; lastKnownFileType = sourcecode.c.objc; path = ViewController.m; sourceTree = "<group>"; };
		6CF342D21CC8705C00367B04 /* Assets.xcassets */ = {isa = PBXFileReference; lastKnownFileType = folder.assetcatalog; path = Assets.xcassets; sourceTree = "<group>"; };
		6CF342D51CC8705C00367B04 /* Base */ = {isa = PBXFileReference; lastKnownFileType = file.storyboard; name = Base; path = Base.lproj/LaunchScreen.storyboard; sourceTree = "<group>"; };
		6CF342D71CC8705C00367B04 /* Info.plist */ = {isa = PBXFileReference; lastKnownFileType = text.plist.xml; path = Info.plist; sourceTree = "<group>"; };
		6CF342DC1CC8705C00367B04 /* WCYCornerRadiusTests.xctest */ = {isa = PBXFileReference; explicitFileType = wrapper.cfbundle; includeInIndex = 0; path = WCYCornerRadiusTests.xctest; sourceTree = BUILT_PRODUCTS_DIR; };
		6CF342E01CC8705C00367B04 /* WCYCornerRadiusTests.m */ = {isa = PBXFileReference; lastKnownFileType = sourcecode.c.objc; path = WCYCornerRadiusTests.m; sourceTree = "<group>"; };
		6CF342E21CC8705C00367B04 /* Info.plist */ = {isa = PBXFileReference; lastKnownFileType = text.plist.xml; path = Info.plist; sourceTree = "<group>"; };
		6CF343091CC8764D00367B04 /* WCYCornerRadius.h */ = {isa = PBXFileReference; fileEncoding = 4; lastKnownFileType = sourcecode.c.h; path = WCYCornerRadius.h; sourceTree = "<group>"; };
		6CF3430A1CC8764D00367B04 /* WCYCornerRadius.m */ = {isa = PBXFileReference; fileEncoding = 4; lastKnownFileType = sourcecode.c.objc; path = WCYCornerRadius.m; sourceTree = "<group>"; };
		6CF3430C1CC877A200367B04 /* Main.storyboard */ = {isa = PBXFileReference; fileEncoding = 4; lastKnownFileType = file.storyboard; path = Main.storyboard; sourceTree = "<group>"; };
/* End PBXFileReference section */

/* Begin PBXFrameworksBuildPhase section */
		6CF342C01CC8705C00367B04 /* Frameworks */ = {
			isa = PBXFrameworksBuildPhase;
			buildActionMask = 2147483647;
			files = (
				D804956C4A802AE1FB7412BD /* libPods.a in Frameworks */,
			);
			runOnlyForDeploymentPostprocessing = 0;
		};
		6CF342D91CC8705C00367B04 /* Frameworks */ = {
			isa = PBXFrameworksBuildPhase;
			buildActionMask = 2147483647;
			files = (
			);
			runOnlyForDeploymentPostprocessing = 0;
		};
/* End PBXFrameworksBuildPhase section */

/* Begin PBXGroup section */
		6CF342BA1CC8705C00367B04 = {
			isa = PBXGroup;
			children = (
				6CF342C51CC8705C00367B04 /* WCYCornerRadius */,
				6CF342DF1CC8705C00367B04 /* WCYCornerRadiusTests */,
				6CF342C41CC8705C00367B04 /* Products */,
				FEC880725BF999D044E2260C /* Pods */,
				D5520DED29A3BB4F59960A35 /* Frameworks */,
			);
			sourceTree = "<group>";
		};
		6CF342C41CC8705C00367B04 /* Products */ = {
			isa = PBXGroup;
			children = (
				6CF342C31CC8705C00367B04 /* WCYCornerRadius.app */,
				6CF342DC1CC8705C00367B04 /* WCYCornerRadiusTests.xctest */,
			);
			name = Products;
			sourceTree = "<group>";
		};
		6CF342C51CC8705C00367B04 /* WCYCornerRadius */ = {
			isa = PBXGroup;
			children = (
				6CF343081CC8764D00367B04 /* WCYCornerRadius */,
				6CF342C91CC8705C00367B04 /* AppDelegate.h */,
				6CF342CA1CC8705C00367B04 /* AppDelegate.m */,
				6CF342CC1CC8705C00367B04 /* ViewController.h */,
				6CF342CD1CC8705C00367B04 /* ViewController.m */,
				6CF3430C1CC877A200367B04 /* Main.storyboard */,
				6CF342D21CC8705C00367B04 /* Assets.xcassets */,
				6CF342D41CC8705C00367B04 /* LaunchScreen.storyboard */,
				6CF342D71CC8705C00367B04 /* Info.plist */,
				6CF342C61CC8705C00367B04 /* Supporting Files */,
			);
			path = WCYCornerRadius;
			sourceTree = "<group>";
		};
		6CF342C61CC8705C00367B04 /* Supporting Files */ = {
			isa = PBXGroup;
			children = (
				6CF342C71CC8705C00367B04 /* main.m */,
			);
			name = "Supporting Files";
			sourceTree = "<group>";
		};
		6CF342DF1CC8705C00367B04 /* WCYCornerRadiusTests */ = {
			isa = PBXGroup;
			children = (
				6CF342E01CC8705C00367B04 /* WCYCornerRadiusTests.m */,
				6CF342E21CC8705C00367B04 /* Info.plist */,
			);
			path = WCYCornerRadiusTests;
			sourceTree = "<group>";
		};
		6CF343081CC8764D00367B04 /* WCYCornerRadius */ = {
			isa = PBXGroup;
			children = (
				6CF343091CC8764D00367B04 /* WCYCornerRadius.h */,
				6CF3430A1CC8764D00367B04 /* WCYCornerRadius.m */,
			);
			path = WCYCornerRadius;
			sourceTree = "<group>";
		};
		D5520DED29A3BB4F59960A35 /* Frameworks */ = {
			isa = PBXGroup;
			children = (
				2F4FBCB0A7768DE91F3E8606 /* libPods.a */,
			);
			name = Frameworks;
			sourceTree = "<group>";
		};
		FEC880725BF999D044E2260C /* Pods */ = {
			isa = PBXGroup;
			children = (
				26240336D92588383EC5DCBA /* Pods.debug.xcconfig */,
				2610BD62071F03A79DC958B4 /* Pods.release.xcconfig */,
			);
			name = Pods;
			sourceTree = "<group>";
		};
/* End PBXGroup section */

/* Begin PBXNativeTarget section */
		6CF342C21CC8705C00367B04 /* WCYCornerRadius */ = {
			isa = PBXNativeTarget;
			buildConfigurationList = 6CF342E51CC8705C00367B04 /* Build configuration list for PBXNativeTarget "WCYCornerRadius" */;
			buildPhases = (
				283F342DAA11913FA9E0E146 /* Check Pods Manifest.lock */,
				6CF342BF1CC8705C00367B04 /* Sources */,
				6CF342C01CC8705C00367B04 /* Frameworks */,
				6CF342C11CC8705C00367B04 /* Resources */,
				2D9FD1E70FB89BF811C89FDE /* Embed Pods Frameworks */,
				49B6C7C5798EDCD63FC9F2B0 /* Copy Pods Resources */,
			);
			buildRules = (
			);
			dependencies = (
			);
			name = WCYCornerRadius;
			productName = WCYCornerRadius;
			productReference = 6CF342C31CC8705C00367B04 /* WCYCornerRadius.app */;
			productType = "com.apple.product-type.application";
		};
		6CF342DB1CC8705C00367B04 /* WCYCornerRadiusTests */ = {
			isa = PBXNativeTarget;
			buildConfigurationList = 6CF342E81CC8705C00367B04 /* Build configuration list for PBXNativeTarget "WCYCornerRadiusTests" */;
			buildPhases = (
				6CF342D81CC8705C00367B04 /* Sources */,
				6CF342D91CC8705C00367B04 /* Frameworks */,
				6CF342DA1CC8705C00367B04 /* Resources */,
			);
			buildRules = (
			);
			dependencies = (
				6CF342DE1CC8705C00367B04 /* PBXTargetDependency */,
			);
			name = WCYCornerRadiusTests;
			productName = WCYCornerRadiusTests;
			productReference = 6CF342DC1CC8705C00367B04 /* WCYCornerRadiusTests.xctest */;
			productType = "com.apple.product-type.bundle.unit-test";
		};
/* End PBXNativeTarget section */

/* Begin PBXProject section */
		6CF342BB1CC8705C00367B04 /* Project object */ = {
			isa = PBXProject;
			attributes = {
				LastUpgradeCheck = 0720;
				ORGANIZATIONNAME = "温春宇";
				TargetAttributes = {
					6CF342C21CC8705C00367B04 = {
						CreatedOnToolsVersion = 7.2.1;
						DevelopmentTeam = UX89FRSDN2;
					};
					6CF342DB1CC8705C00367B04 = {
						CreatedOnToolsVersion = 7.2.1;
						DevelopmentTeam = UX89FRSDN2;
						TestTargetID = 6CF342C21CC8705C00367B04;
					};
				};
			};
			buildConfigurationList = 6CF342BE1CC8705C00367B04 /* Build configuration list for PBXProject "WCYCornerRadius" */;
			compatibilityVersion = "Xcode 3.2";
			developmentRegion = English;
			hasScannedForEncodings = 0;
			knownRegions = (
				en,
				Base,
			);
			mainGroup = 6CF342BA1CC8705C00367B04;
			productRefGroup = 6CF342C41CC8705C00367B04 /* Products */;
			projectDirPath = "";
			projectRoot = "";
			targets = (
				6CF342C21CC8705C00367B04 /* WCYCornerRadius */,
				6CF342DB1CC8705C00367B04 /* WCYCornerRadiusTests */,
			);
		};
/* End PBXProject section */

/* Begin PBXResourcesBuildPhase section */
		6CF342C11CC8705C00367B04 /* Resources */ = {
			isa = PBXResourcesBuildPhase;
			buildActionMask = 2147483647;
			files = (
				6CF3430D1CC877A200367B04 /* Main.storyboard in Resources */,
				6CF342D61CC8705C00367B04 /* LaunchScreen.storyboard in Resources */,
				6CF342D31CC8705C00367B04 /* Assets.xcassets in Resources */,
			);
			runOnlyForDeploymentPostprocessing = 0;
		};
		6CF342DA1CC8705C00367B04 /* Resources */ = {
			isa = PBXResourcesBuildPhase;
			buildActionMask = 2147483647;
			files = (
			);
			runOnlyForDeploymentPostprocessing = 0;
		};
/* End PBXResourcesBuildPhase section */

/* Begin PBXShellScriptBuildPhase section */
		283F342DAA11913FA9E0E146 /* Check Pods Manifest.lock */ = {
			isa = PBXShellScriptBuildPhase;
			buildActionMask = 2147483647;
			files = (
			);
			inputPaths = (
			);
			name = "Check Pods Manifest.lock";
			outputPaths = (
			);
			runOnlyForDeploymentPostprocessing = 0;
			shellPath = /bin/sh;
			shellScript = "diff \"${PODS_ROOT}/../Podfile.lock\" \"${PODS_ROOT}/Manifest.lock\" > /dev/null\nif [[ $? != 0 ]] ; then\n    cat << EOM\nerror: The sandbox is not in sync with the Podfile.lock. Run 'pod install' or update your CocoaPods installation.\nEOM\n    exit 1\nfi\n";
			showEnvVarsInLog = 0;
		};
		2D9FD1E70FB89BF811C89FDE /* Embed Pods Frameworks */ = {
			isa = PBXShellScriptBuildPhase;
			buildActionMask = 2147483647;
			files = (
			);
			inputPaths = (
			);
			name = "Embed Pods Frameworks";
			outputPaths = (
			);
			runOnlyForDeploymentPostprocessing = 0;
			shellPath = /bin/sh;
			shellScript = "\"${SRCROOT}/Pods/Target Support Files/Pods/Pods-frameworks.sh\"\n";
			showEnvVarsInLog = 0;
		};
		49B6C7C5798EDCD63FC9F2B0 /* Copy Pods Resources */ = {
			isa = PBXShellScriptBuildPhase;
			buildActionMask = 2147483647;
			files = (
			);
			inputPaths = (
			);
			name = "Copy Pods Resources";
			outputPaths = (
			);
			runOnlyForDeploymentPostprocessing = 0;
			shellPath = /bin/sh;
			shellScript = "\"${SRCROOT}/Pods/Target Support Files/Pods/Pods-resources.sh\"\n";
			showEnvVarsInLog = 0;
		};
/* End PBXShellScriptBuildPhase section */

/* Begin PBXSourcesBuildPhase section */
		6CF342BF1CC8705C00367B04 /* Sources */ = {
			isa = PBXSourcesBuildPhase;
			buildActionMask = 2147483647;
			files = (
				6CF3430B1CC8764D00367B04 /* WCYCornerRadius.m in Sources */,
				6CF342CE1CC8705C00367B04 /* ViewController.m in Sources */,
				6CF342CB1CC8705C00367B04 /* AppDelegate.m in Sources */,
				6CF342C81CC8705C00367B04 /* main.m in Sources */,
			);
			runOnlyForDeploymentPostprocessing = 0;
		};
		6CF342D81CC8705C00367B04 /* Sources */ = {
			isa = PBXSourcesBuildPhase;
			buildActionMask = 2147483647;
			files = (
				6CF342E11CC8705C00367B04 /* WCYCornerRadiusTests.m in Sources */,
			);
			runOnlyForDeploymentPostprocessing = 0;
		};
/* End PBXSourcesBuildPhase section */

/* Begin PBXTargetDependency section */
		6CF342DE1CC8705C00367B04 /* PBXTargetDependency */ = {
			isa = PBXTargetDependency;
			target = 6CF342C21CC8705C00367B04 /* WCYCornerRadius */;
			targetProxy = 6CF342DD1CC8705C00367B04 /* PBXContainerItemProxy */;
		};
/* End PBXTargetDependency section */

/* Begin PBXVariantGroup section */
		6CF342D41CC8705C00367B04 /* LaunchScreen.storyboard */ = {
			isa = PBXVariantGroup;
			children = (
				6CF342D51CC8705C00367B04 /* Base */,
			);
			name = LaunchScreen.storyboard;
			sourceTree = "<group>";
		};
/* End PBXVariantGroup section */

/* Begin XCBuildConfiguration section */
		6CF342E31CC8705C00367B04 /* Debug */ = {
			isa = XCBuildConfiguration;
			buildSettings = {
				ALWAYS_SEARCH_USER_PATHS = NO;
				CLANG_CXX_LANGUAGE_STANDARD = "gnu++0x";
				CLANG_CXX_LIBRARY = "libc++";
				CLANG_ENABLE_MODULES = YES;
				CLANG_ENABLE_OBJC_ARC = YES;
				CLANG_WARN_BOOL_CONVERSION = YES;
				CLANG_WARN_CONSTANT_CONVERSION = YES;
				CLANG_WARN_DIRECT_OBJC_ISA_USAGE = YES_ERROR;
				CLANG_WARN_EMPTY_BODY = YES;
				CLANG_WARN_ENUM_CONVERSION = YES;
				CLANG_WARN_INT_CONVERSION = YES;
				CLANG_WARN_OBJC_ROOT_CLASS = YES_ERROR;
				CLANG_WARN_UNREACHABLE_CODE = YES;
				CLANG_WARN__DUPLICATE_METHOD_MATCH = YES;
				"CODE_SIGN_IDENTITY[sdk=iphoneos*]" = "iPhone Developer";
				COPY_PHASE_STRIP = NO;
				DEBUG_INFORMATION_FORMAT = dwarf;
				ENABLE_STRICT_OBJC_MSGSEND = YES;
				ENABLE_TESTABILITY = YES;
				GCC_C_LANGUAGE_STANDARD = gnu99;
				GCC_DYNAMIC_NO_PIC = NO;
				GCC_NO_COMMON_BLOCKS = YES;
				GCC_OPTIMIZATION_LEVEL = 0;
				GCC_PREPROCESSOR_DEFINITIONS = (
					"DEBUG=1",
					"$(inherited)",
				);
				GCC_WARN_64_TO_32_BIT_CONVERSION = YES;
				GCC_WARN_ABOUT_RETURN_TYPE = YES_ERROR;
				GCC_WARN_UNDECLARED_SELECTOR = YES;
				GCC_WARN_UNINITIALIZED_AUTOS = YES_AGGRESSIVE;
				GCC_WARN_UNUSED_FUNCTION = YES;
				GCC_WARN_UNUSED_VARIABLE = YES;
				IPHONEOS_DEPLOYMENT_TARGET = 9.2;
				MTL_ENABLE_DEBUG_INFO = YES;
				ONLY_ACTIVE_ARCH = YES;
				SDKROOT = iphoneos;
			};
			name = Debug;
		};
		6CF342E41CC8705C00367B04 /* Release */ = {
			isa = XCBuildConfiguration;
			buildSettings = {
				ALWAYS_SEARCH_USER_PATHS = NO;
				CLANG_CXX_LANGUAGE_STANDARD = "gnu++0x";
				CLANG_CXX_LIBRARY = "libc++";
				CLANG_ENABLE_MODULES = YES;
				CLANG_ENABLE_OBJC_ARC = YES;
				CLANG_WARN_BOOL_CONVERSION = YES;
				CLANG_WARN_CONSTANT_CONVERSION = YES;
				CLANG_WARN_DIRECT_OBJC_ISA_USAGE = YES_ERROR;
				CLANG_WARN_EMPTY_BODY = YES;
				CLANG_WARN_ENUM_CONVERSION = YES;
				CLANG_WARN_INT_CONVERSION = YES;
				CLANG_WARN_OBJC_ROOT_CLASS = YES_ERROR;
				CLANG_WARN_UNREACHABLE_CODE = YES;
				CLANG_WARN__DUPLICATE_METHOD_MATCH = YES;
				"CODE_SIGN_IDENTITY[sdk=iphoneos*]" = "iPhone Developer";
				COPY_PHASE_STRIP = NO;
				DEBUG_INFORMATION_FORMAT = "dwarf-with-dsym";
				ENABLE_NS_ASSERTIONS = NO;
				ENABLE_STRICT_OBJC_MSGSEND = YES;
				GCC_C_LANGUAGE_STANDARD = gnu99;
				GCC_NO_COMMON_BLOCKS = YES;
				GCC_WARN_64_TO_32_BIT_CONVERSION = YES;
				GCC_WARN_ABOUT_RETURN_TYPE = YES_ERROR;
				GCC_WARN_UNDECLARED_SELECTOR = YES;
				GCC_WARN_UNINITIALIZED_AUTOS = YES_AGGRESSIVE;
				GCC_WARN_UNUSED_FUNCTION = YES;
				GCC_WARN_UNUSED_VARIABLE = YES;
				IPHONEOS_DEPLOYMENT_TARGET = 9.2;
				MTL_ENABLE_DEBUG_INFO = NO;
				SDKROOT = iphoneos;
				VALIDATE_PRODUCT = YES;
			};
			name = Release;
		};
		6CF342E61CC8705C00367B04 /* Debug */ = {
			isa = XCBuildConfiguration;
			baseConfigurationReference = 26240336D92588383EC5DCBA /* Pods.debug.xcconfig */;
			buildSettings = {
				ASSETCATALOG_COMPILER_APPICON_NAME = AppIcon;
				INFOPLIST_FILE = WCYCornerRadius/Info.plist;
				LD_RUNPATH_SEARCH_PATHS = "$(inherited) @executable_path/Frameworks";
				PRODUCT_BUNDLE_IDENTIFIER = cn.wcy.WCYCornerRadius;
				PRODUCT_NAME = "$(TARGET_NAME)";
			};
			name = Debug;
		};
		6CF342E71CC8705C00367B04 /* Release */ = {
			isa = XCBuildConfiguration;
			baseConfigurationReference = 2610BD62071F03A79DC958B4 /* Pods.release.xcconfig */;
			buildSettings = {
				ASSETCATALOG_COMPILER_APPICON_NAME = AppIcon;
				INFOPLIST_FILE = WCYCornerRadius/Info.plist;
				LD_RUNPATH_SEARCH_PATHS = "$(inherited) @executable_path/Frameworks";
				PRODUCT_BUNDLE_IDENTIFIER = cn.wcy.WCYCornerRadius;
				PRODUCT_NAME = "$(TARGET_NAME)";
			};
			name = Release;
		};
		6CF342E91CC8705C00367B04 /* Debug */ = {
			isa = XCBuildConfiguration;
			buildSettings = {
				BUNDLE_LOADER = "$(TEST_HOST)";
				INFOPLIST_FILE = WCYCornerRadiusTests/Info.plist;
				LD_RUNPATH_SEARCH_PATHS = "$(inherited) @executable_path/Frameworks @loader_path/Frameworks";
				PRODUCT_BUNDLE_IDENTIFIER = cn.wcy.WCYCornerRadiusTests;
				PRODUCT_NAME = "$(TARGET_NAME)";
				TEST_HOST = "$(BUILT_PRODUCTS_DIR)/WCYCornerRadius.app/WCYCornerRadius";
			};
			name = Debug;
		};
		6CF342EA1CC8705C00367B04 /* Release */ = {
			isa = XCBuildConfiguration;
			buildSettings = {
				BUNDLE_LOADER = "$(TEST_HOST)";
				INFOPLIST_FILE = WCYCornerRadiusTests/Info.plist;
				LD_RUNPATH_SEARCH_PATHS = "$(inherited) @executable_path/Frameworks @loader_path/Frameworks";
				PRODUCT_BUNDLE_IDENTIFIER = cn.wcy.WCYCornerRadiusTests;
				PRODUCT_NAME = "$(TARGET_NAME)";
				TEST_HOST = "$(BUILT_PRODUCTS_DIR)/WCYCornerRadius.app/WCYCornerRadius";
			};
			name = Release;
		};
/* End XCBuildConfiguration section */

/* Begin XCConfigurationList section */
		6CF342BE1CC8705C00367B04 /* Build configuration list for PBXProject "WCYCornerRadius" */ = {
			isa = XCConfigurationList;
			buildConfigurations = (
				6CF342E31CC8705C00367B04 /* Debug */,
				6CF342E41CC8705C00367B04 /* Release */,
			);
			defaultConfigurationIsVisible = 0;
			defaultConfigurationName = Release;
		};
		6CF342E51CC8705C00367B04 /* Build configuration list for PBXNativeTarget "WCYCornerRadius" */ = {
			isa = XCConfigurationList;
			buildConfigurations = (
				6CF342E61CC8705C00367B04 /* Debug */,
				6CF342E71CC8705C00367B04 /* Release */,
			);
			defaultConfigurationIsVisible = 0;
			defaultConfigurationName = Release;
		};
		6CF342E81CC8705C00367B04 /* Build configuration list for PBXNativeTarget "WCYCornerRadiusTests" */ = {
			isa = XCConfigurationList;
			buildConfigurations = (
				6CF342E91CC8705C00367B04 /* Debug */,
				6CF342EA1CC8705C00367B04 /* Release */,
			);
			defaultConfigurationIsVisible = 0;
			defaultConfigurationName = Release;
		};
/* End XCConfigurationList section */
	};
	rootObject = 6CF342BB1CC8705C00367B04 /* Project object */;
}
